
Microsoft Visual Studio Solution File, Format Version 12.00
# Visual Studio 15
VisualStudioVersion = 15.0.28307.572
MinimumVisualStudioVersion = 10.0.40219.1
Project("{8BC9CEB8-8B4A-11D0-8D11-00A0C91BC942}") = "QTGUIApplication", "QTGUIApplication\QTGUIApplication.vcxproj", "{B12702AD-ABFB-343A-A199-8E24837244A3}"
EndProject
Project("{2150E333-8FDC-42A3-9474-1A3956D46DE8}") = "VTKITK", "VTKITK", "{7A21F0DE-E2FA-419C-8704-901A91F4D7E2}"
EndProject
Project("{8BC9CEB8-8B4A-11D0-8D11-00A0C91BC942}") = "VTK", "VTK\VTK.vcxproj", "{BFA86337-FB2E-434A-90A6-DC0E5EF5EED0}"
EndProject
Project("{8BC9CEB8-8B4A-11D0-8D11-00A0C91BC942}") = "ParsePassword", "ParsePassword\ParsePassword.vcxproj", "{933A7F8F-D24C-4FB1-B5FF-8D4F020A476F}"
EndProject
Project("{8BC9CEB8-8B4A-11D0-8D11-00A0C91BC942}") = "ResliceImage", "ResliceImage\ResliceImage.vcxproj", "{F652958B-E1CD-41A1-8407-990FB7ECE004}"
EndProject
Project("{8BC9CEB8-8B4A-11D0-8D11-00A0C91BC942}") = "command", "command\command.vcxproj", "{5295B73E-47EA-48AB-B152-A401ED7C6A7F}"
EndProject
Project("{2150E333-8FDC-42A3-9474-1A3956D46DE8}") = "batcommand", "batcommand", "{0813C56D-CFA6-4E9D-9EDF-C5449AB2D6BF}"
EndProject
Project("{8BC9CEB8-8B4A-11D0-8D11-00A0C91BC942}") = "build", "build\build.vcxproj", "{4D7E6CFF-9BB7-40D8-9F03-78B7FE102B72}"
EndProject
Project("{8BC9CEB8-8B4A-11D0-8D11-00A0C91BC942}") = "vtkcoordnation", "vtkcoordnation\vtkcoordnation.vcxproj", "{9108B995-41A4-42FA-9F4D-FB02B7146DD3}"
EndProject
Project("{2150E333-8FDC-42A3-9474-1A3956D46DE8}") = "CPlusPlus", "CPlusPlus", "{F63FF939-69A0-4533-98A5-4CD94742314B}"
EndProject
Project("{8BC9CEB8-8B4A-11D0-8D11-00A0C91BC942}") = "objectmodel", "test\test.vcxproj", "{CD0A8337-8FDA-45D2-8A01-A5D8132CF13B}"
EndProject
Project("{8BC9CEB8-8B4A-11D0-8D11-00A0C91BC942}") = "ImageTracerWidget", "ImageTracerWidget\ImageTracerWidget.vcxproj", "{8015002D-BF37-4B95-A6F6-18A4A721F20F}"
EndProject
Project("{2150E333-8FDC-42A3-9474-1A3956D46DE8}") = "QT", "QT", "{A52D2F3E-CA8A-4D86-A984-D00A64E712B2}"
EndProject
Project("{8BC9CEB8-8B4A-11D0-8D11-00A0C91BC942}") = "ScreenCapture", "ScreenCapture\ScreenCapture.vcxproj", "{07D540C3-2955-4E77-AE1B-F02D45F1A867}"
EndProject
Project("{8BC9CEB8-8B4A-11D0-8D11-00A0C91BC942}") = "QtRegex", "QtRegex\QtRegex.vcxproj", "{91B5CAB9-C351-4D1B-BBBB-6965EE827669}"
EndProject
Project("{8BC9CEB8-8B4A-11D0-8D11-00A0C91BC942}") = "hua", "hua\hua.vcxproj", "{2F54EA69-BEF6-4A7C-A746-974A988B9DF5}"
EndProject
Project("{8BC9CEB8-8B4A-11D0-8D11-00A0C91BC942}") = "QtImageViewer", "QtImageViewer\QtImageViewer.vcxproj", "{1B0E2727-22C9-49FB-83A6-3889155D1DEF}"
EndProject
Project("{8BC9CEB8-8B4A-11D0-8D11-00A0C91BC942}") = "hua2", "hua2\hua2.vcxproj", "{C5A7BFF6-5DC8-4AAA-87A9-9B066706405D}"
EndProject
Project("{8BC9CEB8-8B4A-11D0-8D11-00A0C91BC942}") = "screenshot", "screenshot\screenshot.vcxproj", "{2F3D819C-DC23-49A2-B0ED-C3017CAB3E8E}"
EndProject
Project("{2150E333-8FDC-42A3-9474-1A3956D46DE8}") = "opencv", "opencv", "{C682D008-BFA3-4DE5-953F-FF0B19FF82FA}"
EndProject
Project("{8BC9CEB8-8B4A-11D0-8D11-00A0C91BC942}") = "FeatureMatching", "FeatureMatching\FeatureMatching.vcxproj", "{52718379-E976-421F-87C3-E7982C6EB8FE}"
EndProject
Global
	GlobalSection(SolutionConfigurationPlatforms) = preSolution
		Debug|x64 = Debug|x64
		Debug|x86 = Debug|x86
		Release|x64 = Release|x64
		Release|x86 = Release|x86
	EndGlobalSection
	GlobalSection(ProjectConfigurationPlatforms) = postSolution
		{B12702AD-ABFB-343A-A199-8E24837244A3}.Debug|x64.ActiveCfg = Debug|Win32
		{B12702AD-ABFB-343A-A199-8E24837244A3}.Debug|x86.ActiveCfg = Debug|Win32
		{B12702AD-ABFB-343A-A199-8E24837244A3}.Debug|x86.Build.0 = Debug|Win32
		{B12702AD-ABFB-343A-A199-8E24837244A3}.Release|x64.ActiveCfg = Release|Win32
		{B12702AD-ABFB-343A-A199-8E24837244A3}.Release|x86.ActiveCfg = Release|Win32
		{B12702AD-ABFB-343A-A199-8E24837244A3}.Release|x86.Build.0 = Release|Win32
		{BFA86337-FB2E-434A-90A6-DC0E5EF5EED0}.Debug|x64.ActiveCfg = Debug|x64
		{BFA86337-FB2E-434A-90A6-DC0E5EF5EED0}.Debug|x64.Build.0 = Debug|x64
		{BFA86337-FB2E-434A-90A6-DC0E5EF5EED0}.Debug|x86.ActiveCfg = Debug|Win32
		{BFA86337-FB2E-434A-90A6-DC0E5EF5EED0}.Debug|x86.Build.0 = Debug|Win32
		{BFA86337-FB2E-434A-90A6-DC0E5EF5EED0}.Release|x64.ActiveCfg = Release|x64
		{BFA86337-FB2E-434A-90A6-DC0E5EF5EED0}.Release|x64.Build.0 = Release|x64
		{BFA86337-FB2E-434A-90A6-DC0E5EF5EED0}.Release|x86.ActiveCfg = Release|Win32
		{BFA86337-FB2E-434A-90A6-DC0E5EF5EED0}.Release|x86.Build.0 = Release|Win32
		{933A7F8F-D24C-4FB1-B5FF-8D4F020A476F}.Debug|x64.ActiveCfg = Debug|x64
		{933A7F8F-D24C-4FB1-B5FF-8D4F020A476F}.Debug|x64.Build.0 = Debug|x64
		{933A7F8F-D24C-4FB1-B5FF-8D4F020A476F}.Debug|x86.ActiveCfg = Debug|Win32
		{933A7F8F-D24C-4FB1-B5FF-8D4F020A476F}.Debug|x86.Build.0 = Debug|Win32
		{933A7F8F-D24C-4FB1-B5FF-8D4F020A476F}.Release|x64.ActiveCfg = Release|x64
		{933A7F8F-D24C-4FB1-B5FF-8D4F020A476F}.Release|x64.Build.0 = Release|x64
		{933A7F8F-D24C-4FB1-B5FF-8D4F020A476F}.Release|x86.ActiveCfg = Release|Win32
		{933A7F8F-D24C-4FB1-B5FF-8D4F020A476F}.Release|x86.Build.0 = Release|Win32
		{F652958B-E1CD-41A1-8407-990FB7ECE004}.Debug|x64.ActiveCfg = Debug|x64
		{F652958B-E1CD-41A1-8407-990FB7ECE004}.Debug|x64.Build.0 = Debug|x64
		{F652958B-E1CD-41A1-8407-990FB7ECE004}.Debug|x86.ActiveCfg = Debug|Win32
		{F652958B-E1CD-41A1-8407-990FB7ECE004}.Debug|x86.Build.0 = Debug|Win32
		{F652958B-E1CD-41A1-8407-990FB7ECE004}.Release|x64.ActiveCfg = Release|x64
		{F652958B-E1CD-41A1-8407-990FB7ECE004}.Release|x64.Build.0 = Release|x64
		{F652958B-E1CD-41A1-8407-990FB7ECE004}.Release|x86.ActiveCfg = Release|Win32
		{F652958B-E1CD-41A1-8407-990FB7ECE004}.Release|x86.Build.0 = Release|Win32
		{5295B73E-47EA-48AB-B152-A401ED7C6A7F}.Debug|x64.ActiveCfg = Debug|x64
		{5295B73E-47EA-48AB-B152-A401ED7C6A7F}.Debug|x64.Build.0 = Debug|x64
		{5295B73E-47EA-48AB-B152-A401ED7C6A7F}.Debug|x86.ActiveCfg = Debug|Win32
		{5295B73E-47EA-48AB-B152-A401ED7C6A7F}.Debug|x86.Build.0 = Debug|Win32
		{5295B73E-47EA-48AB-B152-A401ED7C6A7F}.Release|x64.ActiveCfg = Release|x64
		{5295B73E-47EA-48AB-B152-A401ED7C6A7F}.Release|x64.Build.0 = Release|x64
		{5295B73E-47EA-48AB-B152-A401ED7C6A7F}.Release|x86.ActiveCfg = Release|Win32
		{5295B73E-47EA-48AB-B152-A401ED7C6A7F}.Release|x86.Build.0 = Release|Win32
		{4D7E6CFF-9BB7-40D8-9F03-78B7FE102B72}.Debug|x64.ActiveCfg = Debug|x64
		{4D7E6CFF-9BB7-40D8-9F03-78B7FE102B72}.Debug|x64.Build.0 = Debug|x64
		{4D7E6CFF-9BB7-40D8-9F03-78B7FE102B72}.Debug|x86.ActiveCfg = Debug|Win32
		{4D7E6CFF-9BB7-40D8-9F03-78B7FE102B72}.Debug|x86.Build.0 = Debug|Win32
		{4D7E6CFF-9BB7-40D8-9F03-78B7FE102B72}.Release|x64.ActiveCfg = Release|x64
		{4D7E6CFF-9BB7-40D8-9F03-78B7FE102B72}.Release|x64.Build.0 = Release|x64
		{4D7E6CFF-9BB7-40D8-9F03-78B7FE102B72}.Release|x86.ActiveCfg = Release|Win32
		{4D7E6CFF-9BB7-40D8-9F03-78B7FE102B72}.Release|x86.Build.0 = Release|Win32
		{9108B995-41A4-42FA-9F4D-FB02B7146DD3}.Debug|x64.ActiveCfg = Debug|x64
		{9108B995-41A4-42FA-9F4D-FB02B7146DD3}.Debug|x64.Build.0 = Debug|x64
		{9108B995-41A4-42FA-9F4D-FB02B7146DD3}.Debug|x86.ActiveCfg = Debug|Win32
		{9108B995-41A4-42FA-9F4D-FB02B7146DD3}.Debug|x86.Build.0 = Debug|Win32
		{9108B995-41A4-42FA-9F4D-FB02B7146DD3}.Release|x64.ActiveCfg = Release|x64
		{9108B995-41A4-42FA-9F4D-FB02B7146DD3}.Release|x64.Build.0 = Release|x64
		{9108B995-41A4-42FA-9F4D-FB02B7146DD3}.Release|x86.ActiveCfg = Release|Win32
		{9108B995-41A4-42FA-9F4D-FB02B7146DD3}.Release|x86.Build.0 = Release|Win32
		{CD0A8337-8FDA-45D2-8A01-A5D8132CF13B}.Debug|x64.ActiveCfg = Debug|x64
		{CD0A8337-8FDA-45D2-8A01-A5D8132CF13B}.Debug|x64.Build.0 = Debug|x64
		{CD0A8337-8FDA-45D2-8A01-A5D8132CF13B}.Debug|x86.ActiveCfg = Debug|Win32
		{CD0A8337-8FDA-45D2-8A01-A5D8132CF13B}.Debug|x86.Build.0 = Debug|Win32
		{CD0A8337-8FDA-45D2-8A01-A5D8132CF13B}.Release|x64.ActiveCfg = Release|x64
		{CD0A8337-8FDA-45D2-8A01-A5D8132CF13B}.Release|x64.Build.0 = Release|x64
		{CD0A8337-8FDA-45D2-8A01-A5D8132CF13B}.Release|x86.ActiveCfg = Release|Win32
		{CD0A8337-8FDA-45D2-8A01-A5D8132CF13B}.Release|x86.Build.0 = Release|Win32
		{8015002D-BF37-4B95-A6F6-18A4A721F20F}.Debug|x64.ActiveCfg = Debug|x64
		{8015002D-BF37-4B95-A6F6-18A4A721F20F}.Debug|x64.Build.0 = Debug|x64
		{8015002D-BF37-4B95-A6F6-18A4A721F20F}.Debug|x86.ActiveCfg = Debug|Win32
		{8015002D-BF37-4B95-A6F6-18A4A721F20F}.Debug|x86.Build.0 = Debug|Win32
		{8015002D-BF37-4B95-A6F6-18A4A721F20F}.Release|x64.ActiveCfg = Release|x64
		{8015002D-BF37-4B95-A6F6-18A4A721F20F}.Release|x64.Build.0 = Release|x64
		{8015002D-BF37-4B95-A6F6-18A4A721F20F}.Release|x86.ActiveCfg = Release|Win32
		{8015002D-BF37-4B95-A6F6-18A4A721F20F}.Release|x86.Build.0 = Release|Win32
		{07D540C3-2955-4E77-AE1B-F02D45F1A867}.Debug|x64.ActiveCfg = Debug|Win32
		{07D540C3-2955-4E77-AE1B-F02D45F1A867}.Debug|x86.ActiveCfg = Debug|Win32
		{07D540C3-2955-4E77-AE1B-F02D45F1A867}.Debug|x86.Build.0 = Debug|Win32
		{07D540C3-2955-4E77-AE1B-F02D45F1A867}.Release|x64.ActiveCfg = Release|Win32
		{07D540C3-2955-4E77-AE1B-F02D45F1A867}.Release|x86.ActiveCfg = Release|Win32
		{07D540C3-2955-4E77-AE1B-F02D45F1A867}.Release|x86.Build.0 = Release|Win32
		{91B5CAB9-C351-4D1B-BBBB-6965EE827669}.Debug|x64.ActiveCfg = Debug|Win32
		{91B5CAB9-C351-4D1B-BBBB-6965EE827669}.Debug|x86.ActiveCfg = Debug|Win32
		{91B5CAB9-C351-4D1B-BBBB-6965EE827669}.Debug|x86.Build.0 = Debug|Win32
		{91B5CAB9-C351-4D1B-BBBB-6965EE827669}.Release|x64.ActiveCfg = Release|Win32
		{91B5CAB9-C351-4D1B-BBBB-6965EE827669}.Release|x86.ActiveCfg = Release|Win32
		{91B5CAB9-C351-4D1B-BBBB-6965EE827669}.Release|x86.Build.0 = Release|Win32
		{2F54EA69-BEF6-4A7C-A746-974A988B9DF5}.Debug|x64.ActiveCfg = Debug|x64
		{2F54EA69-BEF6-4A7C-A746-974A988B9DF5}.Debug|x64.Build.0 = Debug|x64
		{2F54EA69-BEF6-4A7C-A746-974A988B9DF5}.Debug|x86.ActiveCfg = Debug|Win32
		{2F54EA69-BEF6-4A7C-A746-974A988B9DF5}.Debug|x86.Build.0 = Debug|Win32
		{2F54EA69-BEF6-4A7C-A746-974A988B9DF5}.Release|x64.ActiveCfg = Release|x64
		{2F54EA69-BEF6-4A7C-A746-974A988B9DF5}.Release|x64.Build.0 = Release|x64
		{2F54EA69-BEF6-4A7C-A746-974A988B9DF5}.Release|x86.ActiveCfg = Release|Win32
		{2F54EA69-BEF6-4A7C-A746-974A988B9DF5}.Release|x86.Build.0 = Release|Win32
		{1B0E2727-22C9-49FB-83A6-3889155D1DEF}.Debug|x64.ActiveCfg = Debug|Win32
		{1B0E2727-22C9-49FB-83A6-3889155D1DEF}.Debug|x86.ActiveCfg = Debug|Win32
		{1B0E2727-22C9-49FB-83A6-3889155D1DEF}.Debug|x86.Build.0 = Debug|Win32
		{1B0E2727-22C9-49FB-83A6-3889155D1DEF}.Release|x64.ActiveCfg = Release|Win32
		{1B0E2727-22C9-49FB-83A6-3889155D1DEF}.Release|x86.ActiveCfg = Release|Win32
		{1B0E2727-22C9-49FB-83A6-3889155D1DEF}.Release|x86.Build.0 = Release|Win32
		{C5A7BFF6-5DC8-4AAA-87A9-9B066706405D}.Debug|x64.ActiveCfg = Debug|x64
		{C5A7BFF6-5DC8-4AAA-87A9-9B066706405D}.Debug|x64.Build.0 = Debug|x64
		{C5A7BFF6-5DC8-4AAA-87A9-9B066706405D}.Debug|x86.ActiveCfg = Debug|Win32
		{C5A7BFF6-5DC8-4AAA-87A9-9B066706405D}.Debug|x86.Build.0 = Debug|Win32
		{C5A7BFF6-5DC8-4AAA-87A9-9B066706405D}.Release|x64.ActiveCfg = Release|x64
		{C5A7BFF6-5DC8-4AAA-87A9-9B066706405D}.Release|x64.Build.0 = Release|x64
		{C5A7BFF6-5DC8-4AAA-87A9-9B066706405D}.Release|x86.ActiveCfg = Release|Win32
		{C5A7BFF6-5DC8-4AAA-87A9-9B066706405D}.Release|x86.Build.0 = Release|Win32
		{2F3D819C-DC23-49A2-B0ED-C3017CAB3E8E}.Debug|x64.ActiveCfg = Debug|Win32
		{2F3D819C-DC23-49A2-B0ED-C3017CAB3E8E}.Debug|x86.ActiveCfg = Debug|Win32
		{2F3D819C-DC23-49A2-B0ED-C3017CAB3E8E}.Debug|x86.Build.0 = Debug|Win32
		{2F3D819C-DC23-49A2-B0ED-C3017CAB3E8E}.Release|x64.ActiveCfg = Release|Win32
		{2F3D819C-DC23-49A2-B0ED-C3017CAB3E8E}.Release|x86.ActiveCfg = Release|Win32
		{2F3D819C-DC23-49A2-B0ED-C3017CAB3E8E}.Release|x86.Build.0 = Release|Win32
		{52718379-E976-421F-87C3-E7982C6EB8FE}.Debug|x64.ActiveCfg = Debug|x64
		{52718379-E976-421F-87C3-E7982C6EB8FE}.Debug|x64.Build.0 = Debug|x64
		{52718379-E976-421F-87C3-E7982C6EB8FE}.Debug|x86.ActiveCfg = Debug|Win32
		{52718379-E976-421F-87C3-E7982C6EB8FE}.Debug|x86.Build.0 = Debug|Win32
		{52718379-E976-421F-87C3-E7982C6EB8FE}.Release|x64.ActiveCfg = Release|x64
		{52718379-E976-421F-87C3-E7982C6EB8FE}.Release|x64.Build.0 = Release|x64
		{52718379-E976-421F-87C3-E7982C6EB8FE}.Release|x86.ActiveCfg = Release|Win32
		{52718379-E976-421F-87C3-E7982C6EB8FE}.Release|x86.Build.0 = Release|Win32
	EndGlobalSection
	GlobalSection(SolutionProperties) = preSolution
		HideSolutionNode = FALSE
	EndGlobalSection
	GlobalSection(NestedProjects) = preSolution
		{B12702AD-ABFB-343A-A199-8E24837244A3} = {A52D2F3E-CA8A-4D86-A984-D00A64E712B2}
		{BFA86337-FB2E-434A-90A6-DC0E5EF5EED0} = {7A21F0DE-E2FA-419C-8704-901A91F4D7E2}
		{F652958B-E1CD-41A1-8407-990FB7ECE004} = {7A21F0DE-E2FA-419C-8704-901A91F4D7E2}
		{5295B73E-47EA-48AB-B152-A401ED7C6A7F} = {0813C56D-CFA6-4E9D-9EDF-C5449AB2D6BF}
		{4D7E6CFF-9BB7-40D8-9F03-78B7FE102B72} = {0813C56D-CFA6-4E9D-9EDF-C5449AB2D6BF}
		{9108B995-41A4-42FA-9F4D-FB02B7146DD3} = {7A21F0DE-E2FA-419C-8704-901A91F4D7E2}
		{CD0A8337-8FDA-45D2-8A01-A5D8132CF13B} = {F63FF939-69A0-4533-98A5-4CD94742314B}
		{8015002D-BF37-4B95-A6F6-18A4A721F20F} = {7A21F0DE-E2FA-419C-8704-901A91F4D7E2}
		{07D540C3-2955-4E77-AE1B-F02D45F1A867} = {A52D2F3E-CA8A-4D86-A984-D00A64E712B2}
		{91B5CAB9-C351-4D1B-BBBB-6965EE827669} = {A52D2F3E-CA8A-4D86-A984-D00A64E712B2}
		{2F54EA69-BEF6-4A7C-A746-974A988B9DF5} = {F63FF939-69A0-4533-98A5-4CD94742314B}
		{1B0E2727-22C9-49FB-83A6-3889155D1DEF} = {A52D2F3E-CA8A-4D86-A984-D00A64E712B2}
		{C5A7BFF6-5DC8-4AAA-87A9-9B066706405D} = {F63FF939-69A0-4533-98A5-4CD94742314B}
		{2F3D819C-DC23-49A2-B0ED-C3017CAB3E8E} = {A52D2F3E-CA8A-4D86-A984-D00A64E712B2}
		{52718379-E976-421F-87C3-E7982C6EB8FE} = {C682D008-BFA3-4DE5-953F-FF0B19FF82FA}
	EndGlobalSection
	GlobalSection(ExtensibilityGlobals) = postSolution
		SolutionGuid = {52AF34E9-56D6-4FB0-891F-F72F03172C0C}
	EndGlobalSection
EndGlobal
